
Microsoft Visual Studio Solution File, Format Version 12.00
# Visual Studio Version 16
VisualStudioVersion = 16.0.29409.12
MinimumVisualStudioVersion = 10.0.40219.1
Project("{FAE04EC0-301F-11D3-BF4B-00C04F79EFBC}") = "RealTimeChart", "RealTimeChart\RealTimeChart.csproj", "{393671D2-F01E-4D60-8762-5D928770B1B2}"
EndProject
Global
	GlobalSection(SolutionConfigurationPlatforms) = preSolution
		Debug|Any CPU = Debug|Any CPU
		Release|Any CPU = Release|Any CPU
	EndGlobalSection
	GlobalSection(ProjectConfigurationPlatforms) = postSolution
		{393671D2-F01E-4D60-8762-5D928770B1B2}.Debug|Any CPU.ActiveCfg = Debug|Any CPU
		{393671D2-F01E-4D60-8762-5D928770B1B2}.Debug|Any CPU.Build.0 = Debug|Any CPU
		{393671D2-F01E-4D60-8762-5D928770B1B2}.Release|Any CPU.ActiveCfg = Release|Any CPU
		{393671D2-F01E-4D60-8762-5D928770B1B2}.Release|Any CPU.Build.0 = Release|Any CPU
	EndGlobalSection
	GlobalSection(SolutionProperties) = preSolution
		HideSolutionNode = FALSE
	EndGlobalSection
	GlobalSection(ExtensibilityGlobals) = postSolution
		SolutionGuid = {61C6F024-20BC-4CC0-8129-56CAAA470A10}
	EndGlobalSection
EndGlobal
